
Microsoft Visual Studio Solution File, Format Version 12.00
# Visual Studio Version 16
VisualStudioVersion = 16.0.31025.194
MinimumVisualStudioVersion = 10.0.40219.1
Project("{FAE04EC0-301F-11D3-BF4B-00C04F79EFBC}") = "UnityEntryTest", "UnityEntryTest\UnityEntryTest.csproj", "{89FD3790-C8EF-4C6C-92DA-A040F219227D}"
EndProject
Global
	GlobalSection(SolutionConfigurationPlatforms) = preSolution
		Debug|Any CPU = Debug|Any CPU
		Release|Any CPU = Release|Any CPU
	EndGlobalSection
	GlobalSection(ProjectConfigurationPlatforms) = postSolution
		{89FD3790-C8EF-4C6C-92DA-A040F219227D}.Debug|Any CPU.ActiveCfg = Debug|Any CPU
		{89FD3790-C8EF-4C6C-92DA-A040F219227D}.Debug|Any CPU.Build.0 = Debug|Any CPU
		{89FD3790-C8EF-4C6C-92DA-A040F219227D}.Release|Any CPU.ActiveCfg = Release|Any CPU
		{89FD3790-C8EF-4C6C-92DA-A040F219227D}.Release|Any CPU.Build.0 = Release|Any CPU
	EndGlobalSection
	GlobalSection(SolutionProperties) = preSolution
		HideSolutionNode = FALSE
	EndGlobalSection
	GlobalSection(ExtensibilityGlobals) = postSolution
		SolutionGuid = {6A17F153-7C2B-4AC7-8FDA-968B56D4A9E0}
	EndGlobalSection
EndGlobal
